
Microsoft Visual Studio Solution File, Format Version 12.00
# Visual Studio Version 17
VisualStudioVersion = 17.14.36518.9 d17.14
MinimumVisualStudioVersion = 10.0.40219.1
Project("{FAE04EC0-301F-11D3-BF4B-00C04F79EFBC}") = "TeamFinderApiv1", "TeamFinderApiv1\TeamFinderApiv1.csproj", "{4B43631E-9DC7-495D-9C1B-5B09A667E4B1}"
EndProject
Global
	GlobalSection(SolutionConfigurationPlatforms) = preSolution
		Debug|Any CPU = Debug|Any CPU
		Release|Any CPU = Release|Any CPU
	EndGlobalSection
	GlobalSection(ProjectConfigurationPlatforms) = postSolution
		{4B43631E-9DC7-495D-9C1B-5B09A667E4B1}.Debug|Any CPU.ActiveCfg = Debug|Any CPU
		{4B43631E-9DC7-495D-9C1B-5B09A667E4B1}.Debug|Any CPU.Build.0 = Debug|Any CPU
		{4B43631E-9DC7-495D-9C1B-5B09A667E4B1}.Release|Any CPU.ActiveCfg = Release|Any CPU
		{4B43631E-9DC7-495D-9C1B-5B09A667E4B1}.Release|Any CPU.Build.0 = Release|Any CPU
	EndGlobalSection
	GlobalSection(SolutionProperties) = preSolution
		HideSolutionNode = FALSE
	EndGlobalSection
	GlobalSection(ExtensibilityGlobals) = postSolution
		SolutionGuid = {E522111E-DC1E-49D7-917B-7CBDB0B49ECD}
	EndGlobalSection
EndGlobal
